
Microsoft Visual Studio Solution File, Format Version 12.00
# Visual Studio Version 16
VisualStudioVersion = 16.0.29613.14
MinimumVisualStudioVersion = 10.0.40219.1
Project("{FAE04EC0-301F-11D3-BF4B-00C04F79EFBC}") = "Catalogo_Turistico", "Catalogo_Turistico\Catalogo_Turistico.csproj", "{DCC03184-F680-4CAE-88CA-D6BE9FB94567}"
EndProject
Global
	GlobalSection(SolutionConfigurationPlatforms) = preSolution
		Debug|Any CPU = Debug|Any CPU
		Release|Any CPU = Release|Any CPU
	EndGlobalSection
	GlobalSection(ProjectConfigurationPlatforms) = postSolution
		{DCC03184-F680-4CAE-88CA-D6BE9FB94567}.Debug|Any CPU.ActiveCfg = Debug|Any CPU
		{DCC03184-F680-4CAE-88CA-D6BE9FB94567}.Debug|Any CPU.Build.0 = Debug|Any CPU
		{DCC03184-F680-4CAE-88CA-D6BE9FB94567}.Release|Any CPU.ActiveCfg = Release|Any CPU
		{DCC03184-F680-4CAE-88CA-D6BE9FB94567}.Release|Any CPU.Build.0 = Release|Any CPU
	EndGlobalSection
	GlobalSection(SolutionProperties) = preSolution
		HideSolutionNode = FALSE
	EndGlobalSection
	GlobalSection(ExtensibilityGlobals) = postSolution
		SolutionGuid = {8005E676-DF91-4C65-A42C-545CA77AD7AC}
	EndGlobalSection
EndGlobal
